// !$*UTF8*$!
{
	archiveVersion = 1;
	classes = {
	};
	objectVersion = 56;
	objects = {

/* Begin PBXBuildFile section */
		0D80154F28FF177F008DA6A7 /* DuoStreakApp.swift in Sources */ = {isa = PBXBuildFile; fileRef = 0D80154E28FF177F008DA6A7 /* DuoStreakApp.swift */; };
		0D80155128FF177F008DA6A7 /* ContentView.swift in Sources */ = {isa = PBXBuildFile; fileRef = 0D80155028FF177F008DA6A7 /* ContentView.swift */; };
		0D80155328FF1781008DA6A7 /* Assets.xcassets in Resources */ = {isa = PBXBuildFile; fileRef = 0D80155228FF1781008DA6A7 /* Assets.xcassets */; };
		0D80155628FF1781008DA6A7 /* Preview Assets.xcassets in Resources */ = {isa = PBXBuildFile; fileRef = 0D80155528FF1781008DA6A7 /* Preview Assets.xcassets */; };
		0D80156028FF1781008DA6A7 /* DuoStreakTests.swift in Sources */ = {isa = PBXBuildFile; fileRef = 0D80155F28FF1781008DA6A7 /* DuoStreakTests.swift */; };
		0D80156A28FF1781008DA6A7 /* DuoStreakUITests.swift in Sources */ = {isa = PBXBuildFile; fileRef = 0D80156928FF1781008DA6A7 /* DuoStreakUITests.swift */; };
		0D80156C28FF1781008DA6A7 /* DuoStreakUITestsLaunchTests.swift in Sources */ = {isa = PBXBuildFile; fileRef = 0D80156B28FF1781008DA6A7 /* DuoStreakUITestsLaunchTests.swift */; };
		0D80157F28FF30CB008DA6A7 /* DuoStreakWatchApp.swift in Sources */ = {isa = PBXBuildFile; fileRef = 0D80157E28FF30CB008DA6A7 /* DuoStreakWatchApp.swift */; };
		0D80158128FF30CB008DA6A7 /* ContentView.swift in Sources */ = {isa = PBXBuildFile; fileRef = 0D80158028FF30CB008DA6A7 /* ContentView.swift */; };
		0D80158328FF30CD008DA6A7 /* Assets.xcassets in Resources */ = {isa = PBXBuildFile; fileRef = 0D80158228FF30CD008DA6A7 /* Assets.xcassets */; };
		0D80158628FF30CD008DA6A7 /* Preview Assets.xcassets in Resources */ = {isa = PBXBuildFile; fileRef = 0D80158528FF30CD008DA6A7 /* Preview Assets.xcassets */; };
		0D80158F28FF361E008DA6A7 /* ComplicationController.swift in Sources */ = {isa = PBXBuildFile; fileRef = 0D80158E28FF361E008DA6A7 /* ComplicationController.swift */; };
		0D801598290059ED008DA6A7 /* WidgetKit.framework in Frameworks */ = {isa = PBXBuildFile; fileRef = 0D801597290059ED008DA6A7 /* WidgetKit.framework */; };
		0D80159A290059ED008DA6A7 /* SwiftUI.framework in Frameworks */ = {isa = PBXBuildFile; fileRef = 0D801599290059ED008DA6A7 /* SwiftUI.framework */; };
		0D80159D290059ED008DA6A7 /* DuoStreak_Complication.swift in Sources */ = {isa = PBXBuildFile; fileRef = 0D80159C290059ED008DA6A7 /* DuoStreak_Complication.swift */; };
		0D8015A0290059EF008DA6A7 /* Assets.xcassets in Resources */ = {isa = PBXBuildFile; fileRef = 0D80159F290059EF008DA6A7 /* Assets.xcassets */; };
		0D8015A2290059EF008DA6A7 /* DuoStreak_Complication.intentdefinition in Sources */ = {isa = PBXBuildFile; fileRef = 0D80159E290059ED008DA6A7 /* DuoStreak_Complication.intentdefinition */; };
		0D8015A3290059EF008DA6A7 /* DuoStreak_Complication.intentdefinition in Sources */ = {isa = PBXBuildFile; fileRef = 0D80159E290059ED008DA6A7 /* DuoStreak_Complication.intentdefinition */; };
		0D8015A6290059EF008DA6A7 /* DuoStreak ComplicationExtension.appex in Embed Foundation Extensions */ = {isa = PBXBuildFile; fileRef = 0D801595290059ED008DA6A7 /* DuoStreak ComplicationExtension.appex */; settings = {ATTRIBUTES = (RemoveHeadersOnCopy, ); }; };
/* End PBXBuildFile section */

/* Begin PBXContainerItemProxy section */
		0D80155C28FF1781008DA6A7 /* PBXContainerItemProxy */ = {
			isa = PBXContainerItemProxy;
			containerPortal = 0D80154328FF177F008DA6A7 /* Project object */;
			proxyType = 1;
			remoteGlobalIDString = 0D80154A28FF177F008DA6A7;
			remoteInfo = DuoStreak;
		};
		0D80156628FF1781008DA6A7 /* PBXContainerItemProxy */ = {
			isa = PBXContainerItemProxy;
			containerPortal = 0D80154328FF177F008DA6A7 /* Project object */;
			proxyType = 1;
			remoteGlobalIDString = 0D80154A28FF177F008DA6A7;
			remoteInfo = DuoStreak;
		};
		0D8015A4290059EF008DA6A7 /* PBXContainerItemProxy */ = {
			isa = PBXContainerItemProxy;
			containerPortal = 0D80154328FF177F008DA6A7 /* Project object */;
			proxyType = 1;
			remoteGlobalIDString = 0D801594290059ED008DA6A7;
			remoteInfo = "DuoStreak ComplicationExtension";
		};
/* End PBXContainerItemProxy section */

/* Begin PBXCopyFilesBuildPhase section */
		0D8015AA290059EF008DA6A7 /* Embed Foundation Extensions */ = {
			isa = PBXCopyFilesBuildPhase;
			buildActionMask = 2147483647;
			dstPath = "";
			dstSubfolderSpec = 13;
			files = (
				0D8015A6290059EF008DA6A7 /* DuoStreak ComplicationExtension.appex in Embed Foundation Extensions */,
			);
			name = "Embed Foundation Extensions";
			runOnlyForDeploymentPostprocessing = 0;
		};
/* End PBXCopyFilesBuildPhase section */

/* Begin PBXFileReference section */
		0D80154B28FF177F008DA6A7 /* DuoStreak.app */ = {isa = PBXFileReference; explicitFileType = wrapper.application; includeInIndex = 0; path = DuoStreak.app; sourceTree = BUILT_PRODUCTS_DIR; };
		0D80154E28FF177F008DA6A7 /* DuoStreakApp.swift */ = {isa = PBXFileReference; lastKnownFileType = sourcecode.swift; path = DuoStreakApp.swift; sourceTree = "<group>"; };
		0D80155028FF177F008DA6A7 /* ContentView.swift */ = {isa = PBXFileReference; lastKnownFileType = sourcecode.swift; path = ContentView.swift; sourceTree = "<group>"; };
		0D80155228FF1781008DA6A7 /* Assets.xcassets */ = {isa = PBXFileReference; lastKnownFileType = folder.assetcatalog; path = Assets.xcassets; sourceTree = "<group>"; };
		0D80155528FF1781008DA6A7 /* Preview Assets.xcassets */ = {isa = PBXFileReference; lastKnownFileType = folder.assetcatalog; path = "Preview Assets.xcassets"; sourceTree = "<group>"; };
		0D80155B28FF1781008DA6A7 /* DuoStreakTests.xctest */ = {isa = PBXFileReference; explicitFileType = wrapper.cfbundle; includeInIndex = 0; path = DuoStreakTests.xctest; sourceTree = BUILT_PRODUCTS_DIR; };
		0D80155F28FF1781008DA6A7 /* DuoStreakTests.swift */ = {isa = PBXFileReference; lastKnownFileType = sourcecode.swift; path = DuoStreakTests.swift; sourceTree = "<group>"; };
		0D80156528FF1781008DA6A7 /* DuoStreakUITests.xctest */ = {isa = PBXFileReference; explicitFileType = wrapper.cfbundle; includeInIndex = 0; path = DuoStreakUITests.xctest; sourceTree = BUILT_PRODUCTS_DIR; };
		0D80156928FF1781008DA6A7 /* DuoStreakUITests.swift */ = {isa = PBXFileReference; lastKnownFileType = sourcecode.swift; path = DuoStreakUITests.swift; sourceTree = "<group>"; };
		0D80156B28FF1781008DA6A7 /* DuoStreakUITestsLaunchTests.swift */ = {isa = PBXFileReference; lastKnownFileType = sourcecode.swift; path = DuoStreakUITestsLaunchTests.swift; sourceTree = "<group>"; };
		0D80157C28FF30CB008DA6A7 /* DuoStreakWatch Watch App.app */ = {isa = PBXFileReference; explicitFileType = wrapper.application; includeInIndex = 0; path = "DuoStreakWatch Watch App.app"; sourceTree = BUILT_PRODUCTS_DIR; };
		0D80157E28FF30CB008DA6A7 /* DuoStreakWatchApp.swift */ = {isa = PBXFileReference; lastKnownFileType = sourcecode.swift; path = DuoStreakWatchApp.swift; sourceTree = "<group>"; };
		0D80158028FF30CB008DA6A7 /* ContentView.swift */ = {isa = PBXFileReference; lastKnownFileType = sourcecode.swift; path = ContentView.swift; sourceTree = "<group>"; };
		0D80158228FF30CD008DA6A7 /* Assets.xcassets */ = {isa = PBXFileReference; lastKnownFileType = folder.assetcatalog; path = Assets.xcassets; sourceTree = "<group>"; };
		0D80158528FF30CD008DA6A7 /* Preview Assets.xcassets */ = {isa = PBXFileReference; lastKnownFileType = folder.assetcatalog; path = "Preview Assets.xcassets"; sourceTree = "<group>"; };
		0D80158E28FF361E008DA6A7 /* ComplicationController.swift */ = {isa = PBXFileReference; lastKnownFileType = sourcecode.swift; path = ComplicationController.swift; sourceTree = "<group>"; };
		0D801595290059ED008DA6A7 /* DuoStreak ComplicationExtension.appex */ = {isa = PBXFileReference; explicitFileType = "wrapper.app-extension"; includeInIndex = 0; path = "DuoStreak ComplicationExtension.appex"; sourceTree = BUILT_PRODUCTS_DIR; };
		0D801597290059ED008DA6A7 /* WidgetKit.framework */ = {isa = PBXFileReference; lastKnownFileType = wrapper.framework; name = WidgetKit.framework; path = System/Library/Frameworks/WidgetKit.framework; sourceTree = SDKROOT; };
		0D801599290059ED008DA6A7 /* SwiftUI.framework */ = {isa = PBXFileReference; lastKnownFileType = wrapper.framework; name = SwiftUI.framework; path = System/Library/Frameworks/SwiftUI.framework; sourceTree = SDKROOT; };
		0D80159C290059ED008DA6A7 /* DuoStreak_Complication.swift */ = {isa = PBXFileReference; lastKnownFileType = sourcecode.swift; path = DuoStreak_Complication.swift; sourceTree = "<group>"; };
		0D80159E290059ED008DA6A7 /* DuoStreak_Complication.intentdefinition */ = {isa = PBXFileReference; lastKnownFileType = file.intentdefinition; path = DuoStreak_Complication.intentdefinition; sourceTree = "<group>"; };
		0D80159F290059EF008DA6A7 /* Assets.xcassets */ = {isa = PBXFileReference; lastKnownFileType = folder.assetcatalog; path = Assets.xcassets; sourceTree = "<group>"; };
		0D8015A1290059EF008DA6A7 /* Info.plist */ = {isa = PBXFileReference; lastKnownFileType = text.plist.xml; path = Info.plist; sourceTree = "<group>"; };
/* End PBXFileReference section */

/* Begin PBXFrameworksBuildPhase section */
		0D80154828FF177F008DA6A7 /* Frameworks */ = {
			isa = PBXFrameworksBuildPhase;
			buildActionMask = 2147483647;
			files = (
			);
			runOnlyForDeploymentPostprocessing = 0;
		};
		0D80155828FF1781008DA6A7 /* Frameworks */ = {
			isa = PBXFrameworksBuildPhase;
			buildActionMask = 2147483647;
			files = (
			);
			runOnlyForDeploymentPostprocessing = 0;
		};
		0D80156228FF1781008DA6A7 /* Frameworks */ = {
			isa = PBXFrameworksBuildPhase;
			buildActionMask = 2147483647;
			files = (
			);
			runOnlyForDeploymentPostprocessing = 0;
		};
		0D80157928FF30CB008DA6A7 /* Frameworks */ = {
			isa = PBXFrameworksBuildPhase;
			buildActionMask = 2147483647;
			files = (
			);
			runOnlyForDeploymentPostprocessing = 0;
		};
		0D801592290059ED008DA6A7 /* Frameworks */ = {
			isa = PBXFrameworksBuildPhase;
			buildActionMask = 2147483647;
			files = (
				0D80159A290059ED008DA6A7 /* SwiftUI.framework in Frameworks */,
				0D801598290059ED008DA6A7 /* WidgetKit.framework in Frameworks */,
			);
			runOnlyForDeploymentPostprocessing = 0;
		};
/* End PBXFrameworksBuildPhase section */

/* Begin PBXGroup section */
		0D80154228FF177F008DA6A7 = {
			isa = PBXGroup;
			children = (
				0D80159B290059ED008DA6A7 /* DuoStreak Complication */,
				0D80154D28FF177F008DA6A7 /* DuoStreak */,
				0D80155E28FF1781008DA6A7 /* DuoStreakTests */,
				0D80156828FF1781008DA6A7 /* DuoStreakUITests */,
				0D80157D28FF30CB008DA6A7 /* DuoStreakWatch Watch App */,
				0D801596290059ED008DA6A7 /* Frameworks */,
				0D80154C28FF177F008DA6A7 /* Products */,
			);
			sourceTree = "<group>";
		};
		0D80154C28FF177F008DA6A7 /* Products */ = {
			isa = PBXGroup;
			children = (
				0D80154B28FF177F008DA6A7 /* DuoStreak.app */,
				0D80155B28FF1781008DA6A7 /* DuoStreakTests.xctest */,
				0D80156528FF1781008DA6A7 /* DuoStreakUITests.xctest */,
				0D80157C28FF30CB008DA6A7 /* DuoStreakWatch Watch App.app */,
				0D801595290059ED008DA6A7 /* DuoStreak ComplicationExtension.appex */,
			);
			name = Products;
			sourceTree = "<group>";
		};
		0D80154D28FF177F008DA6A7 /* DuoStreak */ = {
			isa = PBXGroup;
			children = (
				0D80154E28FF177F008DA6A7 /* DuoStreakApp.swift */,
				0D80155028FF177F008DA6A7 /* ContentView.swift */,
				0D80155228FF1781008DA6A7 /* Assets.xcassets */,
				0D80155428FF1781008DA6A7 /* Preview Content */,
			);
			path = DuoStreak;
			sourceTree = "<group>";
		};
		0D80155428FF1781008DA6A7 /* Preview Content */ = {
			isa = PBXGroup;
			children = (
				0D80155528FF1781008DA6A7 /* Preview Assets.xcassets */,
			);
			path = "Preview Content";
			sourceTree = "<group>";
		};
		0D80155E28FF1781008DA6A7 /* DuoStreakTests */ = {
			isa = PBXGroup;
			children = (
				0D80155F28FF1781008DA6A7 /* DuoStreakTests.swift */,
			);
			path = DuoStreakTests;
			sourceTree = "<group>";
		};
		0D80156828FF1781008DA6A7 /* DuoStreakUITests */ = {
			isa = PBXGroup;
			children = (
				0D80156928FF1781008DA6A7 /* DuoStreakUITests.swift */,
				0D80156B28FF1781008DA6A7 /* DuoStreakUITestsLaunchTests.swift */,
			);
			path = DuoStreakUITests;
			sourceTree = "<group>";
		};
		0D80157D28FF30CB008DA6A7 /* DuoStreakWatch Watch App */ = {
			isa = PBXGroup;
			children = (
				0D80158E28FF361E008DA6A7 /* ComplicationController.swift */,
				0D80157E28FF30CB008DA6A7 /* DuoStreakWatchApp.swift */,
				0D80158028FF30CB008DA6A7 /* ContentView.swift */,
				0D80158228FF30CD008DA6A7 /* Assets.xcassets */,
				0D80158428FF30CD008DA6A7 /* Preview Content */,
			);
			path = "DuoStreakWatch Watch App";
			sourceTree = "<group>";
		};
		0D80158428FF30CD008DA6A7 /* Preview Content */ = {
			isa = PBXGroup;
			children = (
				0D80158528FF30CD008DA6A7 /* Preview Assets.xcassets */,
			);
			path = "Preview Content";
			sourceTree = "<group>";
		};
		0D801596290059ED008DA6A7 /* Frameworks */ = {
			isa = PBXGroup;
			children = (
				0D801597290059ED008DA6A7 /* WidgetKit.framework */,
				0D801599290059ED008DA6A7 /* SwiftUI.framework */,
			);
			name = Frameworks;
			sourceTree = "<group>";
		};
		0D80159B290059ED008DA6A7 /* DuoStreak Complication */ = {
			isa = PBXGroup;
			children = (
				0D80159C290059ED008DA6A7 /* DuoStreak_Complication.swift */,
				0D80159E290059ED008DA6A7 /* DuoStreak_Complication.intentdefinition */,
				0D80159F290059EF008DA6A7 /* Assets.xcassets */,
				0D8015A1290059EF008DA6A7 /* Info.plist */,
			);
			path = "DuoStreak Complication";
			sourceTree = "<group>";
		};
/* End PBXGroup section */

/* Begin PBXNativeTarget section */
		0D80154A28FF177F008DA6A7 /* DuoStreak */ = {
			isa = PBXNativeTarget;
			buildConfigurationList = 0D80156F28FF1781008DA6A7 /* Build configuration list for PBXNativeTarget "DuoStreak" */;
			buildPhases = (
				0D80154728FF177F008DA6A7 /* Sources */,
				0D80154828FF177F008DA6A7 /* Frameworks */,
				0D80154928FF177F008DA6A7 /* Resources */,
			);
			buildRules = (
			);
			dependencies = (
			);
			name = DuoStreak;
			productName = DuoStreak;
			productReference = 0D80154B28FF177F008DA6A7 /* DuoStreak.app */;
			productType = "com.apple.product-type.application";
		};
		0D80155A28FF1781008DA6A7 /* DuoStreakTests */ = {
			isa = PBXNativeTarget;
			buildConfigurationList = 0D80157228FF1781008DA6A7 /* Build configuration list for PBXNativeTarget "DuoStreakTests" */;
			buildPhases = (
				0D80155728FF1781008DA6A7 /* Sources */,
				0D80155828FF1781008DA6A7 /* Frameworks */,
				0D80155928FF1781008DA6A7 /* Resources */,
			);
			buildRules = (
			);
			dependencies = (
				0D80155D28FF1781008DA6A7 /* PBXTargetDependency */,
			);
			name = DuoStreakTests;
			productName = DuoStreakTests;
			productReference = 0D80155B28FF1781008DA6A7 /* DuoStreakTests.xctest */;
			productType = "com.apple.product-type.bundle.unit-test";
		};
		0D80156428FF1781008DA6A7 /* DuoStreakUITests */ = {
			isa = PBXNativeTarget;
			buildConfigurationList = 0D80157528FF1781008DA6A7 /* Build configuration list for PBXNativeTarget "DuoStreakUITests" */;
			buildPhases = (
				0D80156128FF1781008DA6A7 /* Sources */,
				0D80156228FF1781008DA6A7 /* Frameworks */,
				0D80156328FF1781008DA6A7 /* Resources */,
			);
			buildRules = (
			);
			dependencies = (
				0D80156728FF1781008DA6A7 /* PBXTargetDependency */,
			);
			name = DuoStreakUITests;
			productName = DuoStreakUITests;
			productReference = 0D80156528FF1781008DA6A7 /* DuoStreakUITests.xctest */;
			productType = "com.apple.product-type.bundle.ui-testing";
		};
		0D80157B28FF30CB008DA6A7 /* DuoStreakWatch Watch App */ = {
			isa = PBXNativeTarget;
			buildConfigurationList = 0D80158728FF30CD008DA6A7 /* Build configuration list for PBXNativeTarget "DuoStreakWatch Watch App" */;
			buildPhases = (
				0D80157828FF30CB008DA6A7 /* Sources */,
				0D80157928FF30CB008DA6A7 /* Frameworks */,
				0D80157A28FF30CB008DA6A7 /* Resources */,
				0D8015AA290059EF008DA6A7 /* Embed Foundation Extensions */,
			);
			buildRules = (
			);
			dependencies = (
				0D8015A5290059EF008DA6A7 /* PBXTargetDependency */,
			);
			name = "DuoStreakWatch Watch App";
			productName = "DuoStreakWatch Watch App";
			productReference = 0D80157C28FF30CB008DA6A7 /* DuoStreakWatch Watch App.app */;
			productType = "com.apple.product-type.application";
		};
		0D801594290059ED008DA6A7 /* DuoStreak ComplicationExtension */ = {
			isa = PBXNativeTarget;
			buildConfigurationList = 0D8015A7290059EF008DA6A7 /* Build configuration list for PBXNativeTarget "DuoStreak ComplicationExtension" */;
			buildPhases = (
				0D801591290059ED008DA6A7 /* Sources */,
				0D801592290059ED008DA6A7 /* Frameworks */,
				0D801593290059ED008DA6A7 /* Resources */,
			);
			buildRules = (
			);
			dependencies = (
			);
			name = "DuoStreak ComplicationExtension";
			productName = "DuoStreak ComplicationExtension";
			productReference = 0D801595290059ED008DA6A7 /* DuoStreak ComplicationExtension.appex */;
			productType = "com.apple.product-type.app-extension";
		};
/* End PBXNativeTarget section */

/* Begin PBXProject section */
		0D80154328FF177F008DA6A7 /* Project object */ = {
			isa = PBXProject;
			attributes = {
				BuildIndependentTargetsInParallel = 1;
				LastSwiftUpdateCheck = 1400;
				LastUpgradeCheck = 1400;
				TargetAttributes = {
					0D80154A28FF177F008DA6A7 = {
						CreatedOnToolsVersion = 14.0;
					};
					0D80155A28FF1781008DA6A7 = {
						CreatedOnToolsVersion = 14.0;
						TestTargetID = 0D80154A28FF177F008DA6A7;
					};
					0D80156428FF1781008DA6A7 = {
						CreatedOnToolsVersion = 14.0;
						TestTargetID = 0D80154A28FF177F008DA6A7;
					};
					0D80157B28FF30CB008DA6A7 = {
						CreatedOnToolsVersion = 14.0;
					};
					0D801594290059ED008DA6A7 = {
						CreatedOnToolsVersion = 14.0;
					};
				};
			};
			buildConfigurationList = 0D80154628FF177F008DA6A7 /* Build configuration list for PBXProject "DuoStreak" */;
			compatibilityVersion = "Xcode 14.0";
			developmentRegion = en;
			hasScannedForEncodings = 0;
			knownRegions = (
				en,
				Base,
			);
			mainGroup = 0D80154228FF177F008DA6A7;
			productRefGroup = 0D80154C28FF177F008DA6A7 /* Products */;
			projectDirPath = "";
			projectRoot = "";
			targets = (
				0D80154A28FF177F008DA6A7 /* DuoStreak */,
				0D80155A28FF1781008DA6A7 /* DuoStreakTests */,
				0D80156428FF1781008DA6A7 /* DuoStreakUITests */,
				0D80157B28FF30CB008DA6A7 /* DuoStreakWatch Watch App */,
				0D801594290059ED008DA6A7 /* DuoStreak ComplicationExtension */,
			);
		};
/* End PBXProject section */

/* Begin PBXResourcesBuildPhase section */
		0D80154928FF177F008DA6A7 /* Resources */ = {
			isa = PBXResourcesBuildPhase;
			buildActionMask = 2147483647;
			files = (
				0D80155628FF1781008DA6A7 /* Preview Assets.xcassets in Resources */,
				0D80155328FF1781008DA6A7 /* Assets.xcassets in Resources */,
			);
			runOnlyForDeploymentPostprocessing = 0;
		};
		0D80155928FF1781008DA6A7 /* Resources */ = {
			isa = PBXResourcesBuildPhase;
			buildActionMask = 2147483647;
			files = (
			);
			runOnlyForDeploymentPostprocessing = 0;
		};
		0D80156328FF1781008DA6A7 /* Resources */ = {
			isa = PBXResourcesBuildPhase;
			buildActionMask = 2147483647;
			files = (
			);
			runOnlyForDeploymentPostprocessing = 0;
		};
		0D80157A28FF30CB008DA6A7 /* Resources */ = {
			isa = PBXResourcesBuildPhase;
			buildActionMask = 2147483647;
			files = (
				0D80158628FF30CD008DA6A7 /* Preview Assets.xcassets in Resources */,
				0D80158328FF30CD008DA6A7 /* Assets.xcassets in Resources */,
			);
			runOnlyForDeploymentPostprocessing = 0;
		};
		0D801593290059ED008DA6A7 /* Resources */ = {
			isa = PBXResourcesBuildPhase;
			buildActionMask = 2147483647;
			files = (
				0D8015A0290059EF008DA6A7 /* Assets.xcassets in Resources */,
			);
			runOnlyForDeploymentPostprocessing = 0;
		};
/* End PBXResourcesBuildPhase section */

/* Begin PBXSourcesBuildPhase section */
		0D80154728FF177F008DA6A7 /* Sources */ = {
			isa = PBXSourcesBuildPhase;
			buildActionMask = 2147483647;
			files = (
				0D80155128FF177F008DA6A7 /* ContentView.swift in Sources */,
				0D80154F28FF177F008DA6A7 /* DuoStreakApp.swift in Sources */,
			);
			runOnlyForDeploymentPostprocessing = 0;
		};
		0D80155728FF1781008DA6A7 /* Sources */ = {
			isa = PBXSourcesBuildPhase;
			buildActionMask = 2147483647;
			files = (
				0D80156028FF1781008DA6A7 /* DuoStreakTests.swift in Sources */,
			);
			runOnlyForDeploymentPostprocessing = 0;
		};
		0D80156128FF1781008DA6A7 /* Sources */ = {
			isa = PBXSourcesBuildPhase;
			buildActionMask = 2147483647;
			files = (
				0D80156A28FF1781008DA6A7 /* DuoStreakUITests.swift in Sources */,
				0D80156C28FF1781008DA6A7 /* DuoStreakUITestsLaunchTests.swift in Sources */,
			);
			runOnlyForDeploymentPostprocessing = 0;
		};
		0D80157828FF30CB008DA6A7 /* Sources */ = {
			isa = PBXSourcesBuildPhase;
			buildActionMask = 2147483647;
			files = (
				0D80158128FF30CB008DA6A7 /* ContentView.swift in Sources */,
				0D80157F28FF30CB008DA6A7 /* DuoStreakWatchApp.swift in Sources */,
				0D80158F28FF361E008DA6A7 /* ComplicationController.swift in Sources */,
				0D8015A3290059EF008DA6A7 /* DuoStreak_Complication.intentdefinition in Sources */,
			);
			runOnlyForDeploymentPostprocessing = 0;
		};
		0D801591290059ED008DA6A7 /* Sources */ = {
			isa = PBXSourcesBuildPhase;
			buildActionMask = 2147483647;
			files = (
				0D80159D290059ED008DA6A7 /* DuoStreak_Complication.swift in Sources */,
				0D8015A2290059EF008DA6A7 /* DuoStreak_Complication.intentdefinition in Sources */,
			);
			runOnlyForDeploymentPostprocessing = 0;
		};
/* End PBXSourcesBuildPhase section */

/* Begin PBXTargetDependency section */
		0D80155D28FF1781008DA6A7 /* PBXTargetDependency */ = {
			isa = PBXTargetDependency;
			target = 0D80154A28FF177F008DA6A7 /* DuoStreak */;
			targetProxy = 0D80155C28FF1781008DA6A7 /* PBXContainerItemProxy */;
		};
		0D80156728FF1781008DA6A7 /* PBXTargetDependency */ = {
			isa = PBXTargetDependency;
			target = 0D80154A28FF177F008DA6A7 /* DuoStreak */;
			targetProxy = 0D80156628FF1781008DA6A7 /* PBXContainerItemProxy */;
		};
		0D8015A5290059EF008DA6A7 /* PBXTargetDependency */ = {
			isa = PBXTargetDependency;
			target = 0D801594290059ED008DA6A7 /* DuoStreak ComplicationExtension */;
			targetProxy = 0D8015A4290059EF008DA6A7 /* PBXContainerItemProxy */;
		};
/* End PBXTargetDependency section */

/* Begin XCBuildConfiguration section */
		0D80156D28FF1781008DA6A7 /* Debug */ = {
			isa = XCBuildConfiguration;
			buildSettings = {
				ALWAYS_SEARCH_USER_PATHS = NO;
				CLANG_ANALYZER_NONNULL = YES;
				CLANG_ANALYZER_NUMBER_OBJECT_CONVERSION = YES_AGGRESSIVE;
				CLANG_CXX_LANGUAGE_STANDARD = "gnu++20";
				CLANG_ENABLE_MODULES = YES;
				CLANG_ENABLE_OBJC_ARC = YES;
				CLANG_ENABLE_OBJC_WEAK = YES;
				CLANG_WARN_BLOCK_CAPTURE_AUTORELEASING = YES;
				CLANG_WARN_BOOL_CONVERSION = YES;
				CLANG_WARN_COMMA = YES;
				CLANG_WARN_CONSTANT_CONVERSION = YES;
				CLANG_WARN_DEPRECATED_OBJC_IMPLEMENTATIONS = YES;
				CLANG_WARN_DIRECT_OBJC_ISA_USAGE = YES_ERROR;
				CLANG_WARN_DOCUMENTATION_COMMENTS = YES;
				CLANG_WARN_EMPTY_BODY = YES;
				CLANG_WARN_ENUM_CONVERSION = YES;
				CLANG_WARN_INFINITE_RECURSION = YES;
				CLANG_WARN_INT_CONVERSION = YES;
				CLANG_WARN_NON_LITERAL_NULL_CONVERSION = YES;
				CLANG_WARN_OBJC_IMPLICIT_RETAIN_SELF = YES;
				CLANG_WARN_OBJC_LITERAL_CONVERSION = YES;
				CLANG_WARN_OBJC_ROOT_CLASS = YES_ERROR;
				CLANG_WARN_QUOTED_INCLUDE_IN_FRAMEWORK_HEADER = YES;
				CLANG_WARN_RANGE_LOOP_ANALYSIS = YES;
				CLANG_WARN_STRICT_PROTOTYPES = YES;
				CLANG_WARN_SUSPICIOUS_MOVE = YES;
				CLANG_WARN_UNGUARDED_AVAILABILITY = YES_AGGRESSIVE;
				CLANG_WARN_UNREACHABLE_CODE = YES;
				CLANG_WARN__DUPLICATE_METHOD_MATCH = YES;
				COPY_PHASE_STRIP = NO;
				DEBUG_INFORMATION_FORMAT = dwarf;
				ENABLE_STRICT_OBJC_MSGSEND = YES;
				ENABLE_TESTABILITY = YES;
				GCC_C_LANGUAGE_STANDARD = gnu11;
				GCC_DYNAMIC_NO_PIC = NO;
				GCC_NO_COMMON_BLOCKS = YES;
				GCC_OPTIMIZATION_LEVEL = 0;
				GCC_PREPROCESSOR_DEFINITIONS = (
					"DEBUG=1",
					"$(inherited)",
				);
				GCC_WARN_64_TO_32_BIT_CONVERSION = YES;
				GCC_WARN_ABOUT_RETURN_TYPE = YES_ERROR;
				GCC_WARN_UNDECLARED_SELECTOR = YES;
				GCC_WARN_UNINITIALIZED_AUTOS = YES_AGGRESSIVE;
				GCC_WARN_UNUSED_FUNCTION = YES;
				GCC_WARN_UNUSED_VARIABLE = YES;
				IPHONEOS_DEPLOYMENT_TARGET = 16.0;
				MTL_ENABLE_DEBUG_INFO = INCLUDE_SOURCE;
				MTL_FAST_MATH = YES;
				ONLY_ACTIVE_ARCH = YES;
				SDKROOT = iphoneos;
				SWIFT_ACTIVE_COMPILATION_CONDITIONS = DEBUG;
				SWIFT_OPTIMIZATION_LEVEL = "-Onone";
			};
			name = Debug;
		};
		0D80156E28FF1781008DA6A7 /* Release */ = {
			isa = XCBuildConfiguration;
			buildSettings = {
				ALWAYS_SEARCH_USER_PATHS = NO;
				CLANG_ANALYZER_NONNULL = YES;
				CLANG_ANALYZER_NUMBER_OBJECT_CONVERSION = YES_AGGRESSIVE;
				CLANG_CXX_LANGUAGE_STANDARD = "gnu++20";
				CLANG_ENABLE_MODULES = YES;
				CLANG_ENABLE_OBJC_ARC = YES;
				CLANG_ENABLE_OBJC_WEAK = YES;
				CLANG_WARN_BLOCK_CAPTURE_AUTORELEASING = YES;
				CLANG_WARN_BOOL_CONVERSION = YES;
				CLANG_WARN_COMMA = YES;
				CLANG_WARN_CONSTANT_CONVERSION = YES;
				CLANG_WARN_DEPRECATED_OBJC_IMPLEMENTATIONS = YES;
				CLANG_WARN_DIRECT_OBJC_ISA_USAGE = YES_ERROR;
				CLANG_WARN_DOCUMENTATION_COMMENTS = YES;
				CLANG_WARN_EMPTY_BODY = YES;
				CLANG_WARN_ENUM_CONVERSION = YES;
				CLANG_WARN_INFINITE_RECURSION = YES;
				CLANG_WARN_INT_CONVERSION = YES;
				CLANG_WARN_NON_LITERAL_NULL_CONVERSION = YES;
				CLANG_WARN_OBJC_IMPLICIT_RETAIN_SELF = YES;
				CLANG_WARN_OBJC_LITERAL_CONVERSION = YES;
				CLANG_WARN_OBJC_ROOT_CLASS = YES_ERROR;
				CLANG_WARN_QUOTED_INCLUDE_IN_FRAMEWORK_HEADER = YES;
				CLANG_WARN_RANGE_LOOP_ANALYSIS = YES;
				CLANG_WARN_STRICT_PROTOTYPES = YES;
				CLANG_WARN_SUSPICIOUS_MOVE = YES;
				CLANG_WARN_UNGUARDED_AVAILABILITY = YES_AGGRESSIVE;
				CLANG_WARN_UNREACHABLE_CODE = YES;
				CLANG_WARN__DUPLICATE_METHOD_MATCH = YES;
				COPY_PHASE_STRIP = NO;
				DEBUG_INFORMATION_FORMAT = "dwarf-with-dsym";
				ENABLE_NS_ASSERTIONS = NO;
				ENABLE_STRICT_OBJC_MSGSEND = YES;
				GCC_C_LANGUAGE_STANDARD = gnu11;
				GCC_NO_COMMON_BLOCKS = YES;
				GCC_WARN_64_TO_32_BIT_CONVERSION = YES;
				GCC_WARN_ABOUT_RETURN_TYPE = YES_ERROR;
				GCC_WARN_UNDECLARED_SELECTOR = YES;
				GCC_WARN_UNINITIALIZED_AUTOS = YES_AGGRESSIVE;
				GCC_WARN_UNUSED_FUNCTION = YES;
				GCC_WARN_UNUSED_VARIABLE = YES;
				IPHONEOS_DEPLOYMENT_TARGET = 16.0;
				MTL_ENABLE_DEBUG_INFO = NO;
				MTL_FAST_MATH = YES;
				SDKROOT = iphoneos;
				SWIFT_COMPILATION_MODE = wholemodule;
				SWIFT_OPTIMIZATION_LEVEL = "-O";
				VALIDATE_PRODUCT = YES;
			};
			name = Release;
		};
		0D80157028FF1781008DA6A7 /* Debug */ = {
			isa = XCBuildConfiguration;
			buildSettings = {
				ASSETCATALOG_COMPILER_APPICON_NAME = AppIcon;
				ASSETCATALOG_COMPILER_GLOBAL_ACCENT_COLOR_NAME = AccentColor;
				CODE_SIGN_STYLE = Automatic;
				CURRENT_PROJECT_VERSION = 1;
				DEVELOPMENT_ASSET_PATHS = "\"DuoStreak/Preview Content\"";
				DEVELOPMENT_TEAM = GMK7C2ZQG9;
				ENABLE_PREVIEWS = YES;
				GENERATE_INFOPLIST_FILE = YES;
				INFOPLIST_KEY_UIApplicationSceneManifest_Generation = YES;
				INFOPLIST_KEY_UIApplicationSupportsIndirectInputEvents = YES;
				INFOPLIST_KEY_UILaunchScreen_Generation = YES;
				INFOPLIST_KEY_UISupportedInterfaceOrientations_iPad = "UIInterfaceOrientationPortrait UIInterfaceOrientationPortraitUpsideDown UIInterfaceOrientationLandscapeLeft UIInterfaceOrientationLandscapeRight";
				INFOPLIST_KEY_UISupportedInterfaceOrientations_iPhone = "UIInterfaceOrientationPortrait UIInterfaceOrientationLandscapeLeft UIInterfaceOrientationLandscapeRight";
				LD_RUNPATH_SEARCH_PATHS = (
					"$(inherited)",
					"@executable_path/Frameworks",
				);
				MARKETING_VERSION = 1.0;
				PRODUCT_BUNDLE_IDENTIFIER = com.example.willwilson.DuoStreak;
				PRODUCT_NAME = "$(TARGET_NAME)";
				SWIFT_EMIT_LOC_STRINGS = YES;
				SWIFT_VERSION = 5.0;
				TARGETED_DEVICE_FAMILY = "1,2";
			};
			name = Debug;
		};
		0D80157128FF1781008DA6A7 /* Release */ = {
			isa = XCBuildConfiguration;
			buildSettings = {
				ASSETCATALOG_COMPILER_APPICON_NAME = AppIcon;
				ASSETCATALOG_COMPILER_GLOBAL_ACCENT_COLOR_NAME = AccentColor;
				CODE_SIGN_STYLE = Automatic;
				CURRENT_PROJECT_VERSION = 1;
				DEVELOPMENT_ASSET_PATHS = "\"DuoStreak/Preview Content\"";
				DEVELOPMENT_TEAM = GMK7C2ZQG9;
				ENABLE_PREVIEWS = YES;
				GENERATE_INFOPLIST_FILE = YES;
				INFOPLIST_KEY_UIApplicationSceneManifest_Generation = YES;
				INFOPLIST_KEY_UIApplicationSupportsIndirectInputEvents = YES;
				INFOPLIST_KEY_UILaunchScreen_Generation = YES;
				INFOPLIST_KEY_UISupportedInterfaceOrientations_iPad = "UIInterfaceOrientationPortrait UIInterfaceOrientationPortraitUpsideDown UIInterfaceOrientationLandscapeLeft UIInterfaceOrientationLandscapeRight";
				INFOPLIST_KEY_UISupportedInterfaceOrientations_iPhone = "UIInterfaceOrientationPortrait UIInterfaceOrientationLandscapeLeft UIInterfaceOrientationLandscapeRight";
				LD_RUNPATH_SEARCH_PATHS = (
					"$(inherited)",
					"@executable_path/Frameworks",
				);
				MARKETING_VERSION = 1.0;
				PRODUCT_BUNDLE_IDENTIFIER = com.example.willwilson.DuoStreak;
				PRODUCT_NAME = "$(TARGET_NAME)";
				SWIFT_EMIT_LOC_STRINGS = YES;
				SWIFT_VERSION = 5.0;
				TARGETED_DEVICE_FAMILY = "1,2";
			};
			name = Release;
		};
		0D80157328FF1781008DA6A7 /* Debug */ = {
			isa = XCBuildConfiguration;
			buildSettings = {
				ALWAYS_EMBED_SWIFT_STANDARD_LIBRARIES = YES;
				BUNDLE_LOADER = "$(TEST_HOST)";
				CODE_SIGN_STYLE = Automatic;
				CURRENT_PROJECT_VERSION = 1;
				DEVELOPMENT_TEAM = GMK7C2ZQG9;
				GENERATE_INFOPLIST_FILE = YES;
				IPHONEOS_DEPLOYMENT_TARGET = 16.0;
				MARKETING_VERSION = 1.0;
				PRODUCT_BUNDLE_IDENTIFIER = com.example.willwilson.DuoStreakTests;
				PRODUCT_NAME = "$(TARGET_NAME)";
				SWIFT_EMIT_LOC_STRINGS = NO;
				SWIFT_VERSION = 5.0;
				TARGETED_DEVICE_FAMILY = "1,2";
				TEST_HOST = "$(BUILT_PRODUCTS_DIR)/DuoStreak.app/$(BUNDLE_EXECUTABLE_FOLDER_PATH)/DuoStreak";
			};
			name = Debug;
		};
		0D80157428FF1781008DA6A7 /* Release */ = {
			isa = XCBuildConfiguration;
			buildSettings = {
				ALWAYS_EMBED_SWIFT_STANDARD_LIBRARIES = YES;
				BUNDLE_LOADER = "$(TEST_HOST)";
				CODE_SIGN_STYLE = Automatic;
				CURRENT_PROJECT_VERSION = 1;
				DEVELOPMENT_TEAM = GMK7C2ZQG9;
				GENERATE_INFOPLIST_FILE = YES;
				IPHONEOS_DEPLOYMENT_TARGET = 16.0;
				MARKETING_VERSION = 1.0;
				PRODUCT_BUNDLE_IDENTIFIER = com.example.willwilson.DuoStreakTests;
				PRODUCT_NAME = "$(TARGET_NAME)";
				SWIFT_EMIT_LOC_STRINGS = NO;
				SWIFT_VERSION = 5.0;
				TARGETED_DEVICE_FAMILY = "1,2";
				TEST_HOST = "$(BUILT_PRODUCTS_DIR)/DuoStreak.app/$(BUNDLE_EXECUTABLE_FOLDER_PATH)/DuoStreak";
			};
			name = Release;
		};
		0D80157628FF1781008DA6A7 /* Debug */ = {
			isa = XCBuildConfiguration;
			buildSettings = {
				ALWAYS_EMBED_SWIFT_STANDARD_LIBRARIES = YES;
				CODE_SIGN_STYLE = Automatic;
				CURRENT_PROJECT_VERSION = 1;
				DEVELOPMENT_TEAM = GMK7C2ZQG9;
				GENERATE_INFOPLIST_FILE = YES;
				MARKETING_VERSION = 1.0;
				PRODUCT_BUNDLE_IDENTIFIER = com.example.willwilson.DuoStreakUITests;
				PRODUCT_NAME = "$(TARGET_NAME)";
				SWIFT_EMIT_LOC_STRINGS = NO;
				SWIFT_VERSION = 5.0;
				TARGETED_DEVICE_FAMILY = "1,2";
				TEST_TARGET_NAME = DuoStreak;
			};
			name = Debug;
		};
		0D80157728FF1781008DA6A7 /* Release */ = {
			isa = XCBuildConfiguration;
			buildSettings = {
				ALWAYS_EMBED_SWIFT_STANDARD_LIBRARIES = YES;
				CODE_SIGN_STYLE = Automatic;
				CURRENT_PROJECT_VERSION = 1;
				DEVELOPMENT_TEAM = GMK7C2ZQG9;
				GENERATE_INFOPLIST_FILE = YES;
				MARKETING_VERSION = 1.0;
				PRODUCT_BUNDLE_IDENTIFIER = com.example.willwilson.DuoStreakUITests;
				PRODUCT_NAME = "$(TARGET_NAME)";
				SWIFT_EMIT_LOC_STRINGS = NO;
				SWIFT_VERSION = 5.0;
				TARGETED_DEVICE_FAMILY = "1,2";
				TEST_TARGET_NAME = DuoStreak;
			};
			name = Release;
		};
		0D80158828FF30CD008DA6A7 /* Debug */ = {
			isa = XCBuildConfiguration;
			buildSettings = {
				ALWAYS_EMBED_SWIFT_STANDARD_LIBRARIES = YES;
				ASSETCATALOG_COMPILER_APPICON_NAME = AppIcon;
				ASSETCATALOG_COMPILER_GLOBAL_ACCENT_COLOR_NAME = AccentColor;
				CODE_SIGN_STYLE = Automatic;
				CURRENT_PROJECT_VERSION = 1;
				DEVELOPMENT_ASSET_PATHS = "\"DuoStreakWatch Watch App/Preview Content\"";
				DEVELOPMENT_TEAM = GMK7C2ZQG9;
				ENABLE_PREVIEWS = YES;
				GENERATE_INFOPLIST_FILE = YES;
				INFOPLIST_FILE = "DuoStreakWatch-Watch-App-Info.plist";
				INFOPLIST_KEY_CFBundleDisplayName = DuoStreakWatch;
				INFOPLIST_KEY_UISupportedInterfaceOrientations = "UIInterfaceOrientationPortrait UIInterfaceOrientationPortraitUpsideDown";
				INFOPLIST_KEY_WKCompanionAppBundleIdentifier = "";
				LD_RUNPATH_SEARCH_PATHS = (
					"$(inherited)",
					"@executable_path/Frameworks",
				);
				MARKETING_VERSION = 1.0;
				PRODUCT_BUNDLE_IDENTIFIER = .watchkitapp;
				PRODUCT_NAME = "$(TARGET_NAME)";
				SDKROOT = watchos;
				SKIP_INSTALL = YES;
				SWIFT_EMIT_LOC_STRINGS = YES;
				SWIFT_VERSION = 5.0;
				TARGETED_DEVICE_FAMILY = 4;
				WATCHOS_DEPLOYMENT_TARGET = 9.0;
			};
			name = Debug;
		};
		0D80158928FF30CD008DA6A7 /* Release */ = {
			isa = XCBuildConfiguration;
			buildSettings = {
				ALWAYS_EMBED_SWIFT_STANDARD_LIBRARIES = YES;
				ASSETCATALOG_COMPILER_APPICON_NAME = AppIcon;
				ASSETCATALOG_COMPILER_GLOBAL_ACCENT_COLOR_NAME = AccentColor;
				CODE_SIGN_STYLE = Automatic;
				CURRENT_PROJECT_VERSION = 1;
				DEVELOPMENT_ASSET_PATHS = "\"DuoStreakWatch Watch App/Preview Content\"";
				DEVELOPMENT_TEAM = GMK7C2ZQG9;
				ENABLE_PREVIEWS = YES;
				GENERATE_INFOPLIST_FILE = YES;
				INFOPLIST_FILE = "DuoStreakWatch-Watch-App-Info.plist";
				INFOPLIST_KEY_CFBundleDisplayName = DuoStreakWatch;
				INFOPLIST_KEY_UISupportedInterfaceOrientations = "UIInterfaceOrientationPortrait UIInterfaceOrientationPortraitUpsideDown";
				INFOPLIST_KEY_WKCompanionAppBundleIdentifier = "";
				LD_RUNPATH_SEARCH_PATHS = (
					"$(inherited)",
					"@executable_path/Frameworks",
				);
				MARKETING_VERSION = 1.0;
				PRODUCT_BUNDLE_IDENTIFIER = .watchkitapp;
				PRODUCT_NAME = "$(TARGET_NAME)";
				SDKROOT = watchos;
				SKIP_INSTALL = YES;
				SWIFT_EMIT_LOC_STRINGS = YES;
				SWIFT_VERSION = 5.0;
				TARGETED_DEVICE_FAMILY = 4;
				WATCHOS_DEPLOYMENT_TARGET = 9.0;
			};
			name = Release;
		};
		0D8015A8290059EF008DA6A7 /* Debug */ = {
			isa = XCBuildConfiguration;
			buildSettings = {
				ASSETCATALOG_COMPILER_GLOBAL_ACCENT_COLOR_NAME = AccentColor;
				ASSETCATALOG_COMPILER_WIDGET_BACKGROUND_COLOR_NAME = WidgetBackground;
				CODE_SIGN_STYLE = Automatic;
				CURRENT_PROJECT_VERSION = 1;
				DEVELOPMENT_TEAM = GMK7C2ZQG9;
				GENERATE_INFOPLIST_FILE = YES;
				INFOPLIST_FILE = "DuoStreak Complication/Info.plist";
				INFOPLIST_KEY_CFBundleDisplayName = "DuoStreak Complication";
				INFOPLIST_KEY_NSHumanReadableCopyright = "";
				LD_RUNPATH_SEARCH_PATHS = (
					"$(inherited)",
					"@executable_path/Frameworks",
					"@executable_path/../../Frameworks",
					"@executable_path/../../../../Frameworks",
				);
				MARKETING_VERSION = 1.0;
				PRODUCT_BUNDLE_IDENTIFIER = ".watchkitapp.DuoStreak-Complication";
				PRODUCT_NAME = "$(TARGET_NAME)";
				SDKROOT = watchos;
				SKIP_INSTALL = YES;
				SWIFT_EMIT_LOC_STRINGS = YES;
				SWIFT_VERSION = 5.0;
				TARGETED_DEVICE_FAMILY = 4;
				WATCHOS_DEPLOYMENT_TARGET = 9.0;
			};
			name = Debug;
		};
		0D8015A9290059EF008DA6A7 /* Release */ = {
			isa = XCBuildConfiguration;
			buildSettings = {
				ASSETCATALOG_COMPILER_GLOBAL_ACCENT_COLOR_NAME = AccentColor;
				ASSETCATALOG_COMPILER_WIDGET_BACKGROUND_COLOR_NAME = WidgetBackground;
				CODE_SIGN_STYLE = Automatic;
				CURRENT_PROJECT_VERSION = 1;
				DEVELOPMENT_TEAM = GMK7C2ZQG9;
				GENERATE_INFOPLIST_FILE = YES;
				INFOPLIST_FILE = "DuoStreak Complication/Info.plist";
				INFOPLIST_KEY_CFBundleDisplayName = "DuoStreak Complication";
				INFOPLIST_KEY_NSHumanReadableCopyright = "";
				LD_RUNPATH_SEARCH_PATHS = (
					"$(inherited)",
					"@executable_path/Frameworks",
					"@executable_path/../../Frameworks",
					"@executable_path/../../../../Frameworks",
				);
				MARKETING_VERSION = 1.0;
				PRODUCT_BUNDLE_IDENTIFIER = ".watchkitapp.DuoStreak-Complication";
				PRODUCT_NAME = "$(TARGET_NAME)";
				SDKROOT = watchos;
				SKIP_INSTALL = YES;
				SWIFT_EMIT_LOC_STRINGS = YES;
				SWIFT_VERSION = 5.0;
				TARGETED_DEVICE_FAMILY = 4;
				WATCHOS_DEPLOYMENT_TARGET = 9.0;
			};
			name = Release;
		};
/* End XCBuildConfiguration section */

/* Begin XCConfigurationList section */
		0D80154628FF177F008DA6A7 /* Build configuration list for PBXProject "DuoStreak" */ = {
			isa = XCConfigurationList;
			buildConfigurations = (
				0D80156D28FF1781008DA6A7 /* Debug */,
				0D80156E28FF1781008DA6A7 /* Release */,
			);
			defaultConfigurationIsVisible = 0;
			defaultConfigurationName = Release;
		};
		0D80156F28FF1781008DA6A7 /* Build configuration list for PBXNativeTarget "DuoStreak" */ = {
			isa = XCConfigurationList;
			buildConfigurations = (
				0D80157028FF1781008DA6A7 /* Debug */,
				0D80157128FF1781008DA6A7 /* Release */,
			);
			defaultConfigurationIsVisible = 0;
			defaultConfigurationName = Release;
		};
		0D80157228FF1781008DA6A7 /* Build configuration list for PBXNativeTarget "DuoStreakTests" */ = {
			isa = XCConfigurationList;
			buildConfigurations = (
				0D80157328FF1781008DA6A7 /* Debug */,
				0D80157428FF1781008DA6A7 /* Release */,
			);
			defaultConfigurationIsVisible = 0;
			defaultConfigurationName = Release;
		};
		0D80157528FF1781008DA6A7 /* Build configuration list for PBXNativeTarget "DuoStreakUITests" */ = {
			isa = XCConfigurationList;
			buildConfigurations = (
				0D80157628FF1781008DA6A7 /* Debug */,
				0D80157728FF1781008DA6A7 /* Release */,
			);
			defaultConfigurationIsVisible = 0;
			defaultConfigurationName = Release;
		};
		0D80158728FF30CD008DA6A7 /* Build configuration list for PBXNativeTarget "DuoStreakWatch Watch App" */ = {
			isa = XCConfigurationList;
			buildConfigurations = (
				0D80158828FF30CD008DA6A7 /* Debug */,
				0D80158928FF30CD008DA6A7 /* Release */,
			);
			defaultConfigurationIsVisible = 0;
			defaultConfigurationName = Release;
		};
		0D8015A7290059EF008DA6A7 /* Build configuration list for PBXNativeTarget "DuoStreak ComplicationExtension" */ = {
			isa = XCConfigurationList;
			buildConfigurations = (
				0D8015A8290059EF008DA6A7 /* Debug */,
				0D8015A9290059EF008DA6A7 /* Release */,
			);
			defaultConfigurationIsVisible = 0;
			defaultConfigurationName = Release;
		};
/* End XCConfigurationList section */
	};
	rootObject = 0D80154328FF177F008DA6A7 /* Project object */;
}
